
Microsoft Visual Studio Solution File, Format Version 12.00
# Visual Studio Version 16
VisualStudioVersion = 16.0.30523.141
MinimumVisualStudioVersion = 10.0.40219.1
Project("{FAE04EC0-301F-11D3-BF4B-00C04F79EFBC}") = "Restaurant", "Restaurant\Restaurant.csproj", "{3F9785D0-192C-4A3A-9DEF-4B73FB17E1EF}"
EndProject
Global
	GlobalSection(SolutionConfigurationPlatforms) = preSolution
		Debug|Any CPU = Debug|Any CPU
		Release|Any CPU = Release|Any CPU
	EndGlobalSection
	GlobalSection(ProjectConfigurationPlatforms) = postSolution
		{3F9785D0-192C-4A3A-9DEF-4B73FB17E1EF}.Debug|Any CPU.ActiveCfg = Debug|Any CPU
		{3F9785D0-192C-4A3A-9DEF-4B73FB17E1EF}.Debug|Any CPU.Build.0 = Debug|Any CPU
		{3F9785D0-192C-4A3A-9DEF-4B73FB17E1EF}.Release|Any CPU.ActiveCfg = Release|Any CPU
		{3F9785D0-192C-4A3A-9DEF-4B73FB17E1EF}.Release|Any CPU.Build.0 = Release|Any CPU
	EndGlobalSection
	GlobalSection(SolutionProperties) = preSolution
		HideSolutionNode = FALSE
	EndGlobalSection
	GlobalSection(ExtensibilityGlobals) = postSolution
		SolutionGuid = {A995DF81-1E21-470F-9191-B3088C5C866E}
	EndGlobalSection
EndGlobal
